{
  "name": "aes-cbc-async",
  "version": "1.0.1",
  "lockfileVersion": 1,
  "requires": true,
  "dependencies": {
    "aes-js": {
      "version": "3.1.0",
      "resolved": "https://registry.npmjs.org/aes-js/-/aes-js-3.1.0.tgz",
      "integrity": "sha1-9fdYhJRSaZfMY1zDNMi7jpZ6XYI="
    },
    "base-64": {
      "version": "0.1.0",
      "resolved": "https://registry.npmjs.org/base-64/-/base-64-0.1.0.tgz",
      "integrity": "sha1-eAqZyE59YAJgNhURxId2E78k9rs="
    },
    "nan": {
      "version": "2.8.0",
      "resolved": "https://registry.npmjs.org/nan/-/nan-2.8.0.tgz",
      "integrity": "sha1-7XFfP+neArV6XmJS2QqWZ14fCFo="
    },
    "scrypt": {
      "version": "6.0.3",
      "resolved": "https://registry.npmjs.org/scrypt/-/scrypt-6.0.3.tgz",
      "integrity": "sha1-BOAUpWgrU/pQwtXM4WfXGcBthw0=",
      "requires": {
        "nan": "2.8.0"
      }
    },
    "scrypt-js": {
      "version": "2.0.3",
      "resolved": "https://registry.npmjs.org/scrypt-js/-/scrypt-js-2.0.3.tgz",
      "integrity": "sha1-uwBAvgMEPamgEqLOqfyfhSz8h9Q="
    }
  }
}
